
Microsoft Visual Studio Solution File, Format Version 12.00
# Visual Studio Version 17
VisualStudioVersion = 17.10.35122.118
MinimumVisualStudioVersion = 10.0.40219.1
Project("{FAE04EC0-301F-11D3-BF4B-00C04F79EFBC}") = "ConsoleApp1", "ConsoleApp1\ConsoleApp1.csproj", "{372E98BB-8D49-493B-B1F9-9908C4F30D9E}"
EndProject
Global
	GlobalSection(SolutionConfigurationPlatforms) = preSolution
		Debug|Any CPU = Debug|Any CPU
		Release|Any CPU = Release|Any CPU
	EndGlobalSection
	GlobalSection(ProjectConfigurationPlatforms) = postSolution
		{372E98BB-8D49-493B-B1F9-9908C4F30D9E}.Debug|Any CPU.ActiveCfg = Debug|Any CPU
		{372E98BB-8D49-493B-B1F9-9908C4F30D9E}.Debug|Any CPU.Build.0 = Debug|Any CPU
		{372E98BB-8D49-493B-B1F9-9908C4F30D9E}.Release|Any CPU.ActiveCfg = Release|Any CPU
		{372E98BB-8D49-493B-B1F9-9908C4F30D9E}.Release|Any CPU.Build.0 = Release|Any CPU
	EndGlobalSection
	GlobalSection(SolutionProperties) = preSolution
		HideSolutionNode = FALSE
	EndGlobalSection
	GlobalSection(ExtensibilityGlobals) = postSolution
		SolutionGuid = {1A0F56B2-7864-445C-9D0B-5779283F840A}
	EndGlobalSection
EndGlobal
